
Microsoft Visual Studio Solution File, Format Version 12.00
# Visual Studio Version 16
VisualStudioVersion = 16.0.32802.440
MinimumVisualStudioVersion = 10.0.40219.1
Project("{FAE04EC0-301F-11D3-BF4B-00C04F79EFBC}") = "circunferencia", "circulferencia\circunferencia.csproj", "{E18A1B4B-F727-417D-9A13-1859E96B999C}"
EndProject
Global
	GlobalSection(SolutionConfigurationPlatforms) = preSolution
		Debug|Any CPU = Debug|Any CPU
		Release|Any CPU = Release|Any CPU
	EndGlobalSection
	GlobalSection(ProjectConfigurationPlatforms) = postSolution
		{E18A1B4B-F727-417D-9A13-1859E96B999C}.Debug|Any CPU.ActiveCfg = Debug|Any CPU
		{E18A1B4B-F727-417D-9A13-1859E96B999C}.Debug|Any CPU.Build.0 = Debug|Any CPU
		{E18A1B4B-F727-417D-9A13-1859E96B999C}.Release|Any CPU.ActiveCfg = Release|Any CPU
		{E18A1B4B-F727-417D-9A13-1859E96B999C}.Release|Any CPU.Build.0 = Release|Any CPU
	EndGlobalSection
	GlobalSection(SolutionProperties) = preSolution
		HideSolutionNode = FALSE
	EndGlobalSection
	GlobalSection(ExtensibilityGlobals) = postSolution
		SolutionGuid = {291D3505-3350-4DD7-AE93-EC43D632397B}
	EndGlobalSection
EndGlobal
